
Microsoft Visual Studio Solution File, Format Version 12.00
# Visual Studio Version 17
VisualStudioVersion = 17.7.34003.232
MinimumVisualStudioVersion = 10.0.40219.1
Project("{FAE04EC0-301F-11D3-BF4B-00C04F79EFBC}") = "DeadsetAutoClicker.App", "src\DeadsetAutoClicker.App\DeadsetAutoClicker.App.csproj", "{A9ABB391-7D4A-4092-859C-24B5BBDCBB06}"
EndProject
Project("{FAE04EC0-301F-11D3-BF4B-00C04F79EFBC}") = "DeadsetAutoClicker.Core", "src\DeadsetAutoClicker.Core\DeadsetAutoClicker.Core.csproj", "{7C193F88-C754-41B7-836A-776D7DD6A507}"
EndProject
Global
	GlobalSection(SolutionConfigurationPlatforms) = preSolution
		Debug|Any CPU = Debug|Any CPU
		Release|Any CPU = Release|Any CPU
	EndGlobalSection
	GlobalSection(ProjectConfigurationPlatforms) = postSolution
		{A9ABB391-7D4A-4092-859C-24B5BBDCBB06}.Debug|Any CPU.ActiveCfg = Debug|Any CPU
		{A9ABB391-7D4A-4092-859C-24B5BBDCBB06}.Debug|Any CPU.Build.0 = Debug|Any CPU
		{A9ABB391-7D4A-4092-859C-24B5BBDCBB06}.Release|Any CPU.ActiveCfg = Release|Any CPU
		{A9ABB391-7D4A-4092-859C-24B5BBDCBB06}.Release|Any CPU.Build.0 = Release|Any CPU
		{7C193F88-C754-41B7-836A-776D7DD6A507}.Debug|Any CPU.ActiveCfg = Debug|Any CPU
		{7C193F88-C754-41B7-836A-776D7DD6A507}.Debug|Any CPU.Build.0 = Debug|Any CPU
		{7C193F88-C754-41B7-836A-776D7DD6A507}.Release|Any CPU.ActiveCfg = Release|Any CPU
		{7C193F88-C754-41B7-836A-776D7DD6A507}.Release|Any CPU.Build.0 = Release|Any CPU
	EndGlobalSection
	GlobalSection(SolutionProperties) = preSolution
		HideSolutionNode = FALSE
	EndGlobalSection
	GlobalSection(ExtensibilityGlobals) = postSolution
		SolutionGuid = {EBDA28EA-6DB7-464F-ABC4-D0CB68D7ECA3}
	EndGlobalSection
EndGlobal
